// !$*UTF8*$!
{
	archiveVersion = 1;
	classes = {
	};
	objectVersion = 50;
	objects = {

/* Begin PBXBuildFile section */
		AC33FC7925E1F50E00CAD5AB /* Api.swift in Sources */ = {isa = PBXBuildFile; fileRef = AC33FC7825E1F50E00CAD5AB /* Api.swift */; };
		AC33FC7B25E2042000CAD5AB /* TorrentsList.swift in Sources */ = {isa = PBXBuildFile; fileRef = AC33FC7A25E2042000CAD5AB /* TorrentsList.swift */; };
		AC33FC8325E20B4E00CAD5AB /* Setup.swift in Sources */ = {isa = PBXBuildFile; fileRef = AC33FC8225E20B4E00CAD5AB /* Setup.swift */; };
		AC33FC8525E2171400CAD5AB /* SortFilter.swift in Sources */ = {isa = PBXBuildFile; fileRef = AC33FC8425E2171400CAD5AB /* SortFilter.swift */; };
		AC33FC8725E2B8CE00CAD5AB /* AddTorrent.swift in Sources */ = {isa = PBXBuildFile; fileRef = AC33FC8625E2B8CE00CAD5AB /* AddTorrent.swift */; };
		AC33FC8925E4983F00CAD5AB /* SortBy.swift in Sources */ = {isa = PBXBuildFile; fileRef = AC33FC8825E4983F00CAD5AB /* SortBy.swift */; };
		AC33FC8B25E4985600CAD5AB /* Storage.swift in Sources */ = {isa = PBXBuildFile; fileRef = AC33FC8A25E4985600CAD5AB /* Storage.swift */; };
		AC33FC8D25E4B54D00CAD5AB /* TorrentsContainer.swift in Sources */ = {isa = PBXBuildFile; fileRef = AC33FC8C25E4B54D00CAD5AB /* TorrentsContainer.swift */; };
		AC76E8BE25E0C1D3003024D1 /* TransmissionApp.swift in Sources */ = {isa = PBXBuildFile; fileRef = AC76E8BD25E0C1D3003024D1 /* TransmissionApp.swift */; };
		AC76E8C225E0C1D5003024D1 /* Assets.xcassets in Resources */ = {isa = PBXBuildFile; fileRef = AC76E8C125E0C1D5003024D1 /* Assets.xcassets */; };
		AC76E8C525E0C1D5003024D1 /* Preview Assets.xcassets in Resources */ = {isa = PBXBuildFile; fileRef = AC76E8C425E0C1D5003024D1 /* Preview Assets.xcassets */; };
		AC76E8CE25E0C272003024D1 /* Torrent.swift in Sources */ = {isa = PBXBuildFile; fileRef = AC76E8CD25E0C272003024D1 /* Torrent.swift */; };
		AC76E8D125E0C2F6003024D1 /* Bundle+Extension.swift in Sources */ = {isa = PBXBuildFile; fileRef = AC76E8D025E0C2F6003024D1 /* Bundle+Extension.swift */; };
		AC76E8D425E0C325003024D1 /* data.json in Resources */ = {isa = PBXBuildFile; fileRef = AC76E8D325E0C325003024D1 /* data.json */; };
		AC8BE63C25E7DD4400392115 /* Double+Extension.swift in Sources */ = {isa = PBXBuildFile; fileRef = AC8BE63B25E7DD4400392115 /* Double+Extension.swift */; };
		ACAAB68425E5B1040058CDED /* AllData.swift in Sources */ = {isa = PBXBuildFile; fileRef = ACAAB68325E5B1040058CDED /* AllData.swift */; };
		ACB5AD7025E14FD7005384D1 /* Settings.swift in Sources */ = {isa = PBXBuildFile; fileRef = ACB5AD6F25E14FD7005384D1 /* Settings.swift */; };
/* End PBXBuildFile section */

/* Begin PBXFileReference section */
		AC33FC7825E1F50E00CAD5AB /* Api.swift */ = {isa = PBXFileReference; lastKnownFileType = sourcecode.swift; path = Api.swift; sourceTree = "<group>"; };
		AC33FC7A25E2042000CAD5AB /* TorrentsList.swift */ = {isa = PBXFileReference; lastKnownFileType = sourcecode.swift; path = TorrentsList.swift; sourceTree = "<group>"; };
		AC33FC8225E20B4E00CAD5AB /* Setup.swift */ = {isa = PBXFileReference; lastKnownFileType = sourcecode.swift; path = Setup.swift; sourceTree = "<group>"; };
		AC33FC8425E2171400CAD5AB /* SortFilter.swift */ = {isa = PBXFileReference; lastKnownFileType = sourcecode.swift; path = SortFilter.swift; sourceTree = "<group>"; };
		AC33FC8625E2B8CE00CAD5AB /* AddTorrent.swift */ = {isa = PBXFileReference; lastKnownFileType = sourcecode.swift; path = AddTorrent.swift; sourceTree = "<group>"; };
		AC33FC8825E4983F00CAD5AB /* SortBy.swift */ = {isa = PBXFileReference; lastKnownFileType = sourcecode.swift; path = SortBy.swift; sourceTree = "<group>"; };
		AC33FC8A25E4985600CAD5AB /* Storage.swift */ = {isa = PBXFileReference; lastKnownFileType = sourcecode.swift; path = Storage.swift; sourceTree = "<group>"; };
		AC33FC8C25E4B54D00CAD5AB /* TorrentsContainer.swift */ = {isa = PBXFileReference; lastKnownFileType = sourcecode.swift; path = TorrentsContainer.swift; sourceTree = "<group>"; };
		AC76E8BA25E0C1D3003024D1 /* Transmission.app */ = {isa = PBXFileReference; explicitFileType = wrapper.application; includeInIndex = 0; path = Transmission.app; sourceTree = BUILT_PRODUCTS_DIR; };
		AC76E8BD25E0C1D3003024D1 /* TransmissionApp.swift */ = {isa = PBXFileReference; lastKnownFileType = sourcecode.swift; path = TransmissionApp.swift; sourceTree = "<group>"; };
		AC76E8C125E0C1D5003024D1 /* Assets.xcassets */ = {isa = PBXFileReference; lastKnownFileType = folder.assetcatalog; path = Assets.xcassets; sourceTree = "<group>"; };
		AC76E8C425E0C1D5003024D1 /* Preview Assets.xcassets */ = {isa = PBXFileReference; lastKnownFileType = folder.assetcatalog; path = "Preview Assets.xcassets"; sourceTree = "<group>"; };
		AC76E8C625E0C1D5003024D1 /* Info.plist */ = {isa = PBXFileReference; lastKnownFileType = text.plist.xml; path = Info.plist; sourceTree = "<group>"; };
		AC76E8CD25E0C272003024D1 /* Torrent.swift */ = {isa = PBXFileReference; lastKnownFileType = sourcecode.swift; path = Torrent.swift; sourceTree = "<group>"; };
		AC76E8D025E0C2F6003024D1 /* Bundle+Extension.swift */ = {isa = PBXFileReference; lastKnownFileType = sourcecode.swift; path = "Bundle+Extension.swift"; sourceTree = "<group>"; };
		AC76E8D325E0C325003024D1 /* data.json */ = {isa = PBXFileReference; lastKnownFileType = text.json; path = data.json; sourceTree = "<group>"; };
		AC76E8D625E0CBCD003024D1 /* Transmission.entitlements */ = {isa = PBXFileReference; lastKnownFileType = text.plist.entitlements; path = Transmission.entitlements; sourceTree = "<group>"; };
		AC8BE63B25E7DD4400392115 /* Double+Extension.swift */ = {isa = PBXFileReference; lastKnownFileType = sourcecode.swift; path = "Double+Extension.swift"; sourceTree = "<group>"; };
		ACAAB68325E5B1040058CDED /* AllData.swift */ = {isa = PBXFileReference; lastKnownFileType = sourcecode.swift; path = AllData.swift; sourceTree = "<group>"; };
		ACB5AD6F25E14FD7005384D1 /* Settings.swift */ = {isa = PBXFileReference; lastKnownFileType = sourcecode.swift; path = Settings.swift; sourceTree = "<group>"; };
/* End PBXFileReference section */

/* Begin PBXFrameworksBuildPhase section */
		AC76E8B725E0C1D3003024D1 /* Frameworks */ = {
			isa = PBXFrameworksBuildPhase;
			buildActionMask = 2147483647;
			files = (
			);
			runOnlyForDeploymentPostprocessing = 0;
		};
/* End PBXFrameworksBuildPhase section */

/* Begin PBXGroup section */
		AC33FC7D25E2057500CAD5AB /* Views */ = {
			isa = PBXGroup;
			children = (
				AC33FC7A25E2042000CAD5AB /* TorrentsList.swift */,
				ACB5AD6F25E14FD7005384D1 /* Settings.swift */,
				AC33FC8225E20B4E00CAD5AB /* Setup.swift */,
				AC33FC8425E2171400CAD5AB /* SortFilter.swift */,
				AC33FC8625E2B8CE00CAD5AB /* AddTorrent.swift */,
			);
			path = Views;
			sourceTree = "<group>";
		};
		AC33FC7E25E2058800CAD5AB /* Api */ = {
			isa = PBXGroup;
			children = (
				AC33FC7825E1F50E00CAD5AB /* Api.swift */,
			);
			path = Api;
			sourceTree = "<group>";
		};
		AC33FC7F25E2059200CAD5AB /* Models */ = {
			isa = PBXGroup;
			children = (
				AC76E8CD25E0C272003024D1 /* Torrent.swift */,
				AC33FC8825E4983F00CAD5AB /* SortBy.swift */,
				AC33FC8A25E4985600CAD5AB /* Storage.swift */,
				AC33FC8C25E4B54D00CAD5AB /* TorrentsContainer.swift */,
				ACAAB68325E5B1040058CDED /* AllData.swift */,
			);
			path = Models;
			sourceTree = "<group>";
		};
		AC33FC8025E205AB00CAD5AB /* Extensions */ = {
			isa = PBXGroup;
			children = (
				AC76E8D025E0C2F6003024D1 /* Bundle+Extension.swift */,
				AC8BE63B25E7DD4400392115 /* Double+Extension.swift */,
			);
			path = Extensions;
			sourceTree = "<group>";
		};
		AC33FC8125E205BC00CAD5AB /* Misc */ = {
			isa = PBXGroup;
			children = (
				AC76E8D625E0CBCD003024D1 /* Transmission.entitlements */,
				AC76E8BD25E0C1D3003024D1 /* TransmissionApp.swift */,
				AC76E8C125E0C1D5003024D1 /* Assets.xcassets */,
				AC76E8C625E0C1D5003024D1 /* Info.plist */,
				AC76E8D325E0C325003024D1 /* data.json */,
				AC76E8C325E0C1D5003024D1 /* Preview Content */,
			);
			path = Misc;
			sourceTree = "<group>";
		};
		AC76E8B125E0C1D3003024D1 = {
			isa = PBXGroup;
			children = (
				AC76E8BC25E0C1D3003024D1 /* Transmission */,
				AC76E8BB25E0C1D3003024D1 /* Products */,
			);
			sourceTree = "<group>";
		};
		AC76E8BB25E0C1D3003024D1 /* Products */ = {
			isa = PBXGroup;
			children = (
				AC76E8BA25E0C1D3003024D1 /* Transmission.app */,
			);
			name = Products;
			sourceTree = "<group>";
		};
		AC76E8BC25E0C1D3003024D1 /* Transmission */ = {
			isa = PBXGroup;
			children = (
				AC33FC7E25E2058800CAD5AB /* Api */,
				AC33FC8025E205AB00CAD5AB /* Extensions */,
				AC33FC8125E205BC00CAD5AB /* Misc */,
				AC33FC7F25E2059200CAD5AB /* Models */,
				AC33FC7D25E2057500CAD5AB /* Views */,
			);
			path = Transmission;
			sourceTree = "<group>";
		};
		AC76E8C325E0C1D5003024D1 /* Preview Content */ = {
			isa = PBXGroup;
			children = (
				AC76E8C425E0C1D5003024D1 /* Preview Assets.xcassets */,
			);
			path = "Preview Content";
			sourceTree = "<group>";
		};
/* End PBXGroup section */

/* Begin PBXNativeTarget section */
		AC76E8B925E0C1D3003024D1 /* Transmission */ = {
			isa = PBXNativeTarget;
			buildConfigurationList = AC76E8C925E0C1D5003024D1 /* Build configuration list for PBXNativeTarget "Transmission" */;
			buildPhases = (
				AC76E8B625E0C1D3003024D1 /* Sources */,
				AC76E8B725E0C1D3003024D1 /* Frameworks */,
				AC76E8B825E0C1D3003024D1 /* Resources */,
			);
			buildRules = (
			);
			dependencies = (
			);
			name = Transmission;
			productName = Transmission;
			productReference = AC76E8BA25E0C1D3003024D1 /* Transmission.app */;
			productType = "com.apple.product-type.application";
		};
/* End PBXNativeTarget section */

/* Begin PBXProject section */
		AC76E8B225E0C1D3003024D1 /* Project object */ = {
			isa = PBXProject;
			attributes = {
				LastSwiftUpdateCheck = 1240;
				LastUpgradeCheck = 1240;
				TargetAttributes = {
					AC76E8B925E0C1D3003024D1 = {
						CreatedOnToolsVersion = 12.4;
					};
				};
			};
			buildConfigurationList = AC76E8B525E0C1D3003024D1 /* Build configuration list for PBXProject "Transmission" */;
			compatibilityVersion = "Xcode 9.3";
			developmentRegion = en;
			hasScannedForEncodings = 0;
			knownRegions = (
				en,
				Base,
			);
			mainGroup = AC76E8B125E0C1D3003024D1;
			productRefGroup = AC76E8BB25E0C1D3003024D1 /* Products */;
			projectDirPath = "";
			projectRoot = "";
			targets = (
				AC76E8B925E0C1D3003024D1 /* Transmission */,
			);
		};
/* End PBXProject section */

/* Begin PBXResourcesBuildPhase section */
		AC76E8B825E0C1D3003024D1 /* Resources */ = {
			isa = PBXResourcesBuildPhase;
			buildActionMask = 2147483647;
			files = (
				AC76E8C525E0C1D5003024D1 /* Preview Assets.xcassets in Resources */,
				AC76E8D425E0C325003024D1 /* data.json in Resources */,
				AC76E8C225E0C1D5003024D1 /* Assets.xcassets in Resources */,
			);
			runOnlyForDeploymentPostprocessing = 0;
		};
/* End PBXResourcesBuildPhase section */

/* Begin PBXSourcesBuildPhase section */
		AC76E8B625E0C1D3003024D1 /* Sources */ = {
			isa = PBXSourcesBuildPhase;
			buildActionMask = 2147483647;
			files = (
				AC33FC8925E4983F00CAD5AB /* SortBy.swift in Sources */,
				AC33FC8B25E4985600CAD5AB /* Storage.swift in Sources */,
				AC8BE63C25E7DD4400392115 /* Double+Extension.swift in Sources */,
				AC33FC8D25E4B54D00CAD5AB /* TorrentsContainer.swift in Sources */,
				AC33FC8725E2B8CE00CAD5AB /* AddTorrent.swift in Sources */,
				AC33FC7925E1F50E00CAD5AB /* Api.swift in Sources */,
				AC33FC8525E2171400CAD5AB /* SortFilter.swift in Sources */,
				AC76E8BE25E0C1D3003024D1 /* TransmissionApp.swift in Sources */,
				AC76E8CE25E0C272003024D1 /* Torrent.swift in Sources */,
				ACAAB68425E5B1040058CDED /* AllData.swift in Sources */,
				AC76E8D125E0C2F6003024D1 /* Bundle+Extension.swift in Sources */,
				AC33FC7B25E2042000CAD5AB /* TorrentsList.swift in Sources */,
				AC33FC8325E20B4E00CAD5AB /* Setup.swift in Sources */,
				ACB5AD7025E14FD7005384D1 /* Settings.swift in Sources */,
			);
			runOnlyForDeploymentPostprocessing = 0;
		};
/* End PBXSourcesBuildPhase section */

/* Begin XCBuildConfiguration section */
		AC76E8C725E0C1D5003024D1 /* Debug */ = {
			isa = XCBuildConfiguration;
			buildSettings = {
				ALWAYS_SEARCH_USER_PATHS = NO;
				CLANG_ANALYZER_NONNULL = YES;
				CLANG_ANALYZER_NUMBER_OBJECT_CONVERSION = YES_AGGRESSIVE;
				CLANG_CXX_LANGUAGE_STANDARD = "gnu++14";
				CLANG_CXX_LIBRARY = "libc++";
				CLANG_ENABLE_MODULES = YES;
				CLANG_ENABLE_OBJC_ARC = YES;
				CLANG_ENABLE_OBJC_WEAK = YES;
				CLANG_WARN_BLOCK_CAPTURE_AUTORELEASING = YES;
				CLANG_WARN_BOOL_CONVERSION = YES;
				CLANG_WARN_COMMA = YES;
				CLANG_WARN_CONSTANT_CONVERSION = YES;
				CLANG_WARN_DEPRECATED_OBJC_IMPLEMENTATIONS = YES;
				CLANG_WARN_DIRECT_OBJC_ISA_USAGE = YES_ERROR;
				CLANG_WARN_DOCUMENTATION_COMMENTS = YES;
				CLANG_WARN_EMPTY_BODY = YES;
				CLANG_WARN_ENUM_CONVERSION = YES;
				CLANG_WARN_INFINITE_RECURSION = YES;
				CLANG_WARN_INT_CONVERSION = YES;
				CLANG_WARN_NON_LITERAL_NULL_CONVERSION = YES;
				CLANG_WARN_OBJC_IMPLICIT_RETAIN_SELF = YES;
				CLANG_WARN_OBJC_LITERAL_CONVERSION = YES;
				CLANG_WARN_OBJC_ROOT_CLASS = YES_ERROR;
				CLANG_WARN_QUOTED_INCLUDE_IN_FRAMEWORK_HEADER = YES;
				CLANG_WARN_RANGE_LOOP_ANALYSIS = YES;
				CLANG_WARN_STRICT_PROTOTYPES = YES;
				CLANG_WARN_SUSPICIOUS_MOVE = YES;
				CLANG_WARN_UNGUARDED_AVAILABILITY = YES_AGGRESSIVE;
				CLANG_WARN_UNREACHABLE_CODE = YES;
				CLANG_WARN__DUPLICATE_METHOD_MATCH = YES;
				COPY_PHASE_STRIP = NO;
				DEBUG_INFORMATION_FORMAT = dwarf;
				ENABLE_STRICT_OBJC_MSGSEND = YES;
				ENABLE_TESTABILITY = YES;
				GCC_C_LANGUAGE_STANDARD = gnu11;
				GCC_DYNAMIC_NO_PIC = NO;
				GCC_NO_COMMON_BLOCKS = YES;
				GCC_OPTIMIZATION_LEVEL = 0;
				GCC_PREPROCESSOR_DEFINITIONS = (
					"DEBUG=1",
					"$(inherited)",
				);
				GCC_WARN_64_TO_32_BIT_CONVERSION = YES;
				GCC_WARN_ABOUT_RETURN_TYPE = YES_ERROR;
				GCC_WARN_UNDECLARED_SELECTOR = YES;
				GCC_WARN_UNINITIALIZED_AUTOS = YES_AGGRESSIVE;
				GCC_WARN_UNUSED_FUNCTION = YES;
				GCC_WARN_UNUSED_VARIABLE = YES;
				IPHONEOS_DEPLOYMENT_TARGET = 14.4;
				MTL_ENABLE_DEBUG_INFO = INCLUDE_SOURCE;
				MTL_FAST_MATH = YES;
				ONLY_ACTIVE_ARCH = YES;
				SDKROOT = iphoneos;
				SWIFT_ACTIVE_COMPILATION_CONDITIONS = DEBUG;
				SWIFT_OPTIMIZATION_LEVEL = "-Onone";
			};
			name = Debug;
		};
		AC76E8C825E0C1D5003024D1 /* Release */ = {
			isa = XCBuildConfiguration;
			buildSettings = {
				ALWAYS_SEARCH_USER_PATHS = NO;
				CLANG_ANALYZER_NONNULL = YES;
				CLANG_ANALYZER_NUMBER_OBJECT_CONVERSION = YES_AGGRESSIVE;
				CLANG_CXX_LANGUAGE_STANDARD = "gnu++14";
				CLANG_CXX_LIBRARY = "libc++";
				CLANG_ENABLE_MODULES = YES;
				CLANG_ENABLE_OBJC_ARC = YES;
				CLANG_ENABLE_OBJC_WEAK = YES;
				CLANG_WARN_BLOCK_CAPTURE_AUTORELEASING = YES;
				CLANG_WARN_BOOL_CONVERSION = YES;
				CLANG_WARN_COMMA = YES;
				CLANG_WARN_CONSTANT_CONVERSION = YES;
				CLANG_WARN_DEPRECATED_OBJC_IMPLEMENTATIONS = YES;
				CLANG_WARN_DIRECT_OBJC_ISA_USAGE = YES_ERROR;
				CLANG_WARN_DOCUMENTATION_COMMENTS = YES;
				CLANG_WARN_EMPTY_BODY = YES;
				CLANG_WARN_ENUM_CONVERSION = YES;
				CLANG_WARN_INFINITE_RECURSION = YES;
				CLANG_WARN_INT_CONVERSION = YES;
				CLANG_WARN_NON_LITERAL_NULL_CONVERSION = YES;
				CLANG_WARN_OBJC_IMPLICIT_RETAIN_SELF = YES;
				CLANG_WARN_OBJC_LITERAL_CONVERSION = YES;
				CLANG_WARN_OBJC_ROOT_CLASS = YES_ERROR;
				CLANG_WARN_QUOTED_INCLUDE_IN_FRAMEWORK_HEADER = YES;
				CLANG_WARN_RANGE_LOOP_ANALYSIS = YES;
				CLANG_WARN_STRICT_PROTOTYPES = YES;
				CLANG_WARN_SUSPICIOUS_MOVE = YES;
				CLANG_WARN_UNGUARDED_AVAILABILITY = YES_AGGRESSIVE;
				CLANG_WARN_UNREACHABLE_CODE = YES;
				CLANG_WARN__DUPLICATE_METHOD_MATCH = YES;
				COPY_PHASE_STRIP = NO;
				DEBUG_INFORMATION_FORMAT = "dwarf-with-dsym";
				ENABLE_NS_ASSERTIONS = NO;
				ENABLE_STRICT_OBJC_MSGSEND = YES;
				GCC_C_LANGUAGE_STANDARD = gnu11;
				GCC_NO_COMMON_BLOCKS = YES;
				GCC_WARN_64_TO_32_BIT_CONVERSION = YES;
				GCC_WARN_ABOUT_RETURN_TYPE = YES_ERROR;
				GCC_WARN_UNDECLARED_SELECTOR = YES;
				GCC_WARN_UNINITIALIZED_AUTOS = YES_AGGRESSIVE;
				GCC_WARN_UNUSED_FUNCTION = YES;
				GCC_WARN_UNUSED_VARIABLE = YES;
				IPHONEOS_DEPLOYMENT_TARGET = 14.4;
				MTL_ENABLE_DEBUG_INFO = NO;
				MTL_FAST_MATH = YES;
				SDKROOT = iphoneos;
				SWIFT_COMPILATION_MODE = wholemodule;
				SWIFT_OPTIMIZATION_LEVEL = "-O";
				VALIDATE_PRODUCT = YES;
			};
			name = Release;
		};
		AC76E8CA25E0C1D5003024D1 /* Debug */ = {
			isa = XCBuildConfiguration;
			buildSettings = {
				ASSETCATALOG_COMPILER_APPICON_NAME = AppIcon;
				ASSETCATALOG_COMPILER_GLOBAL_ACCENT_COLOR_NAME = AccentColor;
				CODE_SIGN_ENTITLEMENTS = Transmission/Misc/Transmission.entitlements;
				CODE_SIGN_STYLE = Automatic;
				DEVELOPMENT_ASSET_PATHS = "\"Transmission/Misc/Preview Content\"";
				DEVELOPMENT_TEAM = B6H47EV69F;
				ENABLE_PREVIEWS = YES;
				INFOPLIST_FILE = Transmission/Misc/Info.plist;
				IPHONEOS_DEPLOYMENT_TARGET = 14.0;
				LD_RUNPATH_SEARCH_PATHS = (
					"$(inherited)",
					"@executable_path/Frameworks",
				);
				PRODUCT_BUNDLE_IDENTIFIER = com.adamkaump.Transmission;
				PRODUCT_NAME = "$(TARGET_NAME)";
				SUPPORTS_MACCATALYST = YES;
				SWIFT_VERSION = 5.0;
				TARGETED_DEVICE_FAMILY = "1,2";
			};
			name = Debug;
		};
		AC76E8CB25E0C1D5003024D1 /* Release */ = {
			isa = XCBuildConfiguration;
			buildSettings = {
				ASSETCATALOG_COMPILER_APPICON_NAME = AppIcon;
				ASSETCATALOG_COMPILER_GLOBAL_ACCENT_COLOR_NAME = AccentColor;
				CODE_SIGN_ENTITLEMENTS = Transmission/Misc/Transmission.entitlements;
				CODE_SIGN_STYLE = Automatic;
				DEVELOPMENT_ASSET_PATHS = "\"Transmission/Misc/Preview Content\"";
				DEVELOPMENT_TEAM = B6H47EV69F;
				ENABLE_PREVIEWS = YES;
				INFOPLIST_FILE = Transmission/Misc/Info.plist;
				IPHONEOS_DEPLOYMENT_TARGET = 14.0;
				LD_RUNPATH_SEARCH_PATHS = (
					"$(inherited)",
					"@executable_path/Frameworks",
				);
				PRODUCT_BUNDLE_IDENTIFIER = com.adamkaump.Transmission;
				PRODUCT_NAME = "$(TARGET_NAME)";
				SUPPORTS_MACCATALYST = YES;
				SWIFT_VERSION = 5.0;
				TARGETED_DEVICE_FAMILY = "1,2";
			};
			name = Release;
		};
/* End XCBuildConfiguration section */

/* Begin XCConfigurationList section */
		AC76E8B525E0C1D3003024D1 /* Build configuration list for PBXProject "Transmission" */ = {
			isa = XCConfigurationList;
			buildConfigurations = (
				AC76E8C725E0C1D5003024D1 /* Debug */,
				AC76E8C825E0C1D5003024D1 /* Release */,
			);
			defaultConfigurationIsVisible = 0;
			defaultConfigurationName = Release;
		};
		AC76E8C925E0C1D5003024D1 /* Build configuration list for PBXNativeTarget "Transmission" */ = {
			isa = XCConfigurationList;
			buildConfigurations = (
				AC76E8CA25E0C1D5003024D1 /* Debug */,
				AC76E8CB25E0C1D5003024D1 /* Release */,
			);
			defaultConfigurationIsVisible = 0;
			defaultConfigurationName = Release;
		};
/* End XCConfigurationList section */
	};
	rootObject = AC76E8B225E0C1D3003024D1 /* Project object */;
}
